Microsoft Visual Studio Solution File, Format Version 11.00
# Visual Studio 2008

Project("{8FC5A574-6C49-C701-9282-23A6A113ADA1}") = "scriptingPractice", "Assembly-CSharp-firstpass.csproj", "{BAAB4C48-DEA4-3C65-7771-171CB84C26A2}"
EndProject
Project("{8FC5A574-6C49-C701-9282-23A6A113ADA1}") = "scriptingPractice", "Assembly-UnityScript-firstpass.unityproj", "{6C46B33F-D358-2F4F-67F1-E70A8781E442}"
EndProject
Project("{8FC5A574-6C49-C701-9282-23A6A113ADA1}") = "scriptingPractice", "Assembly-UnityScript.unityproj", "{BE154CEC-49D0-D314-572A-A3E34729959C}"
EndProject
Global
	GlobalSection(SolutionConfigurationPlatforms) = preSolution
		Debug|Any CPU = Debug|Any CPU
		Release|Any CPU = Release|Any CPU
	EndGlobalSection
	GlobalSection(ProjectConfigurationPlatforms) = postSolution
		{BAAB4C48-DEA4-3C65-7771-171CB84C26A2}.Debug|Any CPU.ActiveCfg = Debug|Any CPU
		{BAAB4C48-DEA4-3C65-7771-171CB84C26A2}.Debug|Any CPU.Build.0 = Debug|Any CPU
		{BAAB4C48-DEA4-3C65-7771-171CB84C26A2}.Release|Any CPU.ActiveCfg = Release|Any CPU
		{BAAB4C48-DEA4-3C65-7771-171CB84C26A2}.Release|Any CPU.Build.0 = Release|Any CPU
		{6C46B33F-D358-2F4F-67F1-E70A8781E442}.Debug|Any CPU.ActiveCfg = Debug|Any CPU
		{6C46B33F-D358-2F4F-67F1-E70A8781E442}.Debug|Any CPU.Build.0 = Debug|Any CPU
		{6C46B33F-D358-2F4F-67F1-E70A8781E442}.Release|Any CPU.ActiveCfg = Release|Any CPU
		{6C46B33F-D358-2F4F-67F1-E70A8781E442}.Release|Any CPU.Build.0 = Release|Any CPU
		{BE154CEC-49D0-D314-572A-A3E34729959C}.Debug|Any CPU.ActiveCfg = Debug|Any CPU
		{BE154CEC-49D0-D314-572A-A3E34729959C}.Debug|Any CPU.Build.0 = Debug|Any CPU
		{BE154CEC-49D0-D314-572A-A3E34729959C}.Release|Any CPU.ActiveCfg = Release|Any CPU
		{BE154CEC-49D0-D314-572A-A3E34729959C}.Release|Any CPU.Build.0 = Release|Any CPU
	EndGlobalSection
	GlobalSection(SolutionProperties) = preSolution
		HideSolutionNode = FALSE
	EndGlobalSection
							GlobalSection(MonoDevelopProperties) = preSolution
		StartupItem = Assembly-CSharp.csproj
		Policies = $0
		$0.TextStylePolicy = $1
		$1.inheritsSet = null
		$1.scope = text/x-csharp
		$0.CSharpFormattingPolicy = $2
		$2.inheritsSet = Mono
		$2.inheritsScope = text/x-csharp
		$2.scope = text/x-csharp
		$0.TextStylePolicy = $3
		$3.FileWidth = 120
		$3.TabWidth = 4
		$3.EolMarker = Unix
		$3.inheritsSet = Mono
		$3.inheritsScope = text/plain
		$3.scope = text/plain
	EndGlobalSection

EndGlobal
